// !$*UTF8*$!
{
	archiveVersion = 1;
	classes = {
	};
	objectVersion = 46;
	objects = {

/* Begin PBXBuildFile section */
		A0A087AA1B28E96E007AB6B6 /* main.m in Sources */ = {isa = PBXBuildFile; fileRef = A0A087A91B28E96E007AB6B6 /* main.m */; };
		A0A087AD1B28E96E007AB6B6 /* AppDelegate.m in Sources */ = {isa = PBXBuildFile; fileRef = A0A087AC1B28E96E007AB6B6 /* AppDelegate.m */; };
		A0A087B01B28E96E007AB6B6 /* ViewController.m in Sources */ = {isa = PBXBuildFile; fileRef = A0A087AF1B28E96E007AB6B6 /* ViewController.m */; };
		A0A087B31B28E96E007AB6B6 /* Main.storyboard in Resources */ = {isa = PBXBuildFile; fileRef = A0A087B11B28E96E007AB6B6 /* Main.storyboard */; };
		A0A087B51B28E96E007AB6B6 /* Images.xcassets in Resources */ = {isa = PBXBuildFile; fileRef = A0A087B41B28E96E007AB6B6 /* Images.xcassets */; };
		A0A087B81B28E96E007AB6B6 /* LaunchScreen.xib in Resources */ = {isa = PBXBuildFile; fileRef = A0A087B61B28E96E007AB6B6 /* LaunchScreen.xib */; };
		A0A087C41B28E96E007AB6B6 /* ABFRealmMapViewExampleTests.m in Sources */ = {isa = PBXBuildFile; fileRef = A0A087C31B28E96E007AB6B6 /* ABFRealmMapViewExampleTests.m */; };
		E46281EF1DEDCEBE0017D663 /* RealmMapView.framework in Frameworks */ = {isa = PBXBuildFile; fileRef = E46281E81DEDCEBE0017D663 /* RealmMapView.framework */; };
		E46281F01DEDCEBE0017D663 /* RealmMapView.framework in Embed Frameworks */ = {isa = PBXBuildFile; fileRef = E46281E81DEDCEBE0017D663 /* RealmMapView.framework */; settings = {ATTRIBUTES = (CodeSignOnCopy, RemoveHeadersOnCopy, ); }; };
		E4C9AB351DF06E6E00BF6715 /* Cartfile in Resources */ = {isa = PBXBuildFile; fileRef = E4C9AB341DF06E6E00BF6715 /* Cartfile */; };
		E4C9AB371DF06EBE00BF6715 /* RBQFetchedResultsController.framework in Frameworks */ = {isa = PBXBuildFile; fileRef = E4C9AB361DF06EBE00BF6715 /* RBQFetchedResultsController.framework */; };
		E4C9AB401DF0718700BF6715 /* ABFClusterAnnotationView.m in Sources */ = {isa = PBXBuildFile; fileRef = E4C9AB391DF0718700BF6715 /* ABFClusterAnnotationView.m */; };
		E4C9AB411DF0718700BF6715 /* ABFLocationFetchedResultsController.m in Sources */ = {isa = PBXBuildFile; fileRef = E4C9AB3B1DF0718700BF6715 /* ABFLocationFetchedResultsController.m */; };
		E4C9AB421DF0718700BF6715 /* ABFLocationFetchRequest.m in Sources */ = {isa = PBXBuildFile; fileRef = E4C9AB3D1DF0718700BF6715 /* ABFLocationFetchRequest.m */; };
		E4C9AB431DF0718700BF6715 /* ABFRealmMapView.m in Sources */ = {isa = PBXBuildFile; fileRef = E4C9AB3F1DF0718700BF6715 /* ABFRealmMapView.m */; };
		E4C9AB461DF071AB00BF6715 /* Info.plist in Resources */ = {isa = PBXBuildFile; fileRef = E4C9AB441DF071AB00BF6715 /* Info.plist */; };
		E4C9AB471DF072CD00BF6715 /* ABFClusterAnnotationView.h in Headers */ = {isa = PBXBuildFile; fileRef = E4C9AB381DF0718700BF6715 /* ABFClusterAnnotationView.h */; settings = {ATTRIBUTES = (Public, ); }; };
		E4C9AB481DF072CF00BF6715 /* ABFLocationFetchedResultsController.h in Headers */ = {isa = PBXBuildFile; fileRef = E4C9AB3A1DF0718700BF6715 /* ABFLocationFetchedResultsController.h */; settings = {ATTRIBUTES = (Public, ); }; };
		E4C9AB491DF072D100BF6715 /* ABFLocationFetchRequest.h in Headers */ = {isa = PBXBuildFile; fileRef = E4C9AB3C1DF0718700BF6715 /* ABFLocationFetchRequest.h */; settings = {ATTRIBUTES = (Public, ); }; };
		E4C9AB4A1DF072D300BF6715 /* ABFRealmMapView.h in Headers */ = {isa = PBXBuildFile; fileRef = E4C9AB3E1DF0718700BF6715 /* ABFRealmMapView.h */; settings = {ATTRIBUTES = (Public, ); }; };
		E4C9AB4B1DF072E200BF6715 /* ABFClusterAnnotationView.m in Sources */ = {isa = PBXBuildFile; fileRef = E4C9AB391DF0718700BF6715 /* ABFClusterAnnotationView.m */; };
		E4C9AB4C1DF072E300BF6715 /* ABFLocationFetchedResultsController.m in Sources */ = {isa = PBXBuildFile; fileRef = E4C9AB3B1DF0718700BF6715 /* ABFLocationFetchedResultsController.m */; };
		E4C9AB4D1DF072E500BF6715 /* ABFLocationFetchRequest.m in Sources */ = {isa = PBXBuildFile; fileRef = E4C9AB3D1DF0718700BF6715 /* ABFLocationFetchRequest.m */; };
		E4C9AB4E1DF072E700BF6715 /* ABFRealmMapView.m in Sources */ = {isa = PBXBuildFile; fileRef = E4C9AB3F1DF0718700BF6715 /* ABFRealmMapView.m */; };
		E4C9AB4F1DF0732300BF6715 /* RealmMapView.h in Headers */ = {isa = PBXBuildFile; fileRef = E4C9AB451DF071AB00BF6715 /* RealmMapView.h */; settings = {ATTRIBUTES = (Public, ); }; };
/* End PBXBuildFile section */

/* Begin PBXContainerItemProxy section */
		A0A087BE1B28E96E007AB6B6 /* PBXContainerItemProxy */ = {
			isa = PBXContainerItemProxy;
			containerPortal = A0A0879C1B28E96E007AB6B6 /* Project object */;
			proxyType = 1;
			remoteGlobalIDString = A0A087A31B28E96E007AB6B6;
			remoteInfo = ABFRealmMapViewExample;
		};
		E46281ED1DEDCEBE0017D663 /* PBXContainerItemProxy */ = {
			isa = PBXContainerItemProxy;
			containerPortal = A0A0879C1B28E96E007AB6B6 /* Project object */;
			proxyType = 1;
			remoteGlobalIDString = E46281E71DEDCEBE0017D663;
			remoteInfo = RealmMapView;
		};
/* End PBXContainerItemProxy section */

/* Begin PBXCopyFilesBuildPhase section */
		E46281F41DEDCEBE0017D663 /* Embed Frameworks */ = {
			isa = PBXCopyFilesBuildPhase;
			buildActionMask = 2147483647;
			dstPath = "";
			dstSubfolderSpec = 10;
			files = (
				E46281F01DEDCEBE0017D663 /* RealmMapView.framework in Embed Frameworks */,
			);
			name = "Embed Frameworks";
			runOnlyForDeploymentPostprocessing = 0;
		};
/* End PBXCopyFilesBuildPhase section */

/* Begin PBXFileReference section */
		A0A087A41B28E96E007AB6B6 /* ABFRealmMapViewExample.app */ = {isa = PBXFileReference; explicitFileType = wrapper.application; includeInIndex = 0; path = ABFRealmMapViewExample.app; sourceTree = BUILT_PRODUCTS_DIR; };
		A0A087A81B28E96E007AB6B6 /* Info.plist */ = {isa = PBXFileReference; lastKnownFileType = text.plist.xml; path = Info.plist; sourceTree = "<group>"; };
		A0A087A91B28E96E007AB6B6 /* main.m */ = {isa = PBXFileReference; lastKnownFileType = sourcecode.c.objc; path = main.m; sourceTree = "<group>"; };
		A0A087AB1B28E96E007AB6B6 /* AppDelegate.h */ = {isa = PBXFileReference; lastKnownFileType = sourcecode.c.h; path = AppDelegate.h; sourceTree = "<group>"; };
		A0A087AC1B28E96E007AB6B6 /* AppDelegate.m */ = {isa = PBXFileReference; lastKnownFileType = sourcecode.c.objc; path = AppDelegate.m; sourceTree = "<group>"; };
		A0A087AE1B28E96E007AB6B6 /* ViewController.h */ = {isa = PBXFileReference; lastKnownFileType = sourcecode.c.h; path = ViewController.h; sourceTree = "<group>"; };
		A0A087AF1B28E96E007AB6B6 /* ViewController.m */ = {isa = PBXFileReference; lastKnownFileType = sourcecode.c.objc; path = ViewController.m; sourceTree = "<group>"; };
		A0A087B21B28E96E007AB6B6 /* Base */ = {isa = PBXFileReference; lastKnownFileType = file.storyboard; name = Base; path = Base.lproj/Main.storyboard; sourceTree = "<group>"; };
		A0A087B41B28E96E007AB6B6 /* Images.xcassets */ = {isa = PBXFileReference; lastKnownFileType = folder.assetcatalog; path = Images.xcassets; sourceTree = "<group>"; };
		A0A087B71B28E96E007AB6B6 /* Base */ = {isa = PBXFileReference; lastKnownFileType = file.xib; name = Base; path = Base.lproj/LaunchScreen.xib; sourceTree = "<group>"; };
		A0A087BD1B28E96E007AB6B6 /* ABFRealmMapViewExampleTests.xctest */ = {isa = PBXFileReference; explicitFileType = wrapper.cfbundle; includeInIndex = 0; path = ABFRealmMapViewExampleTests.xctest; sourceTree = BUILT_PRODUCTS_DIR; };
		A0A087C21B28E96E007AB6B6 /* Info.plist */ = {isa = PBXFileReference; lastKnownFileType = text.plist.xml; path = Info.plist; sourceTree = "<group>"; };
		A0A087C31B28E96E007AB6B6 /* ABFRealmMapViewExampleTests.m */ = {isa = PBXFileReference; lastKnownFileType = sourcecode.c.objc; path = ABFRealmMapViewExampleTests.m; sourceTree = "<group>"; };
		E46281E81DEDCEBE0017D663 /* RealmMapView.framework */ = {isa = PBXFileReference; explicitFileType = wrapper.framework; includeInIndex = 0; path = RealmMapView.framework; sourceTree = BUILT_PRODUCTS_DIR; };
		E4C9AB341DF06E6E00BF6715 /* Cartfile */ = {isa = PBXFileReference; fileEncoding = 4; lastKnownFileType = text; path = Cartfile; sourceTree = "<group>"; };
		E4C9AB361DF06EBE00BF6715 /* RBQFetchedResultsController.framework */ = {isa = PBXFileReference; lastKnownFileType = wrapper.framework; name = RBQFetchedResultsController.framework; path = Carthage/Build/iOS/RBQFetchedResultsController.framework; sourceTree = "<group>"; };
		E4C9AB381DF0718700BF6715 /* ABFClusterAnnotationView.h */ = {isa = PBXFileReference; fileEncoding = 4; lastKnownFileType = sourcecode.c.h; name = ABFClusterAnnotationView.h; path = ABFRealmMapView/ABFClusterAnnotationView.h; sourceTree = SOURCE_ROOT; };
		E4C9AB391DF0718700BF6715 /* ABFClusterAnnotationView.m */ = {isa = PBXFileReference; fileEncoding = 4; lastKnownFileType = sourcecode.c.objc; name = ABFClusterAnnotationView.m; path = ABFRealmMapView/ABFClusterAnnotationView.m; sourceTree = SOURCE_ROOT; };
		E4C9AB3A1DF0718700BF6715 /* ABFLocationFetchedResultsController.h */ = {isa = PBXFileReference; fileEncoding = 4; lastKnownFileType = sourcecode.c.h; name = ABFLocationFetchedResultsController.h; path = ABFRealmMapView/ABFLocationFetchedResultsController.h; sourceTree = SOURCE_ROOT; };
		E4C9AB3B1DF0718700BF6715 /* ABFLocationFetchedResultsController.m */ = {isa = PBXFileReference; fileEncoding = 4; lastKnownFileType = sourcecode.c.objc; name = ABFLocationFetchedResultsController.m; path = ABFRealmMapView/ABFLocationFetchedResultsController.m; sourceTree = SOURCE_ROOT; };
		E4C9AB3C1DF0718700BF6715 /* ABFLocationFetchRequest.h */ = {isa = PBXFileReference; fileEncoding = 4; lastKnownFileType = sourcecode.c.h; name = ABFLocationFetchRequest.h; path = ABFRealmMapView/ABFLocationFetchRequest.h; sourceTree = SOURCE_ROOT; };
		E4C9AB3D1DF0718700BF6715 /* ABFLocationFetchRequest.m */ = {isa = PBXFileReference; fileEncoding = 4; lastKnownFileType = sourcecode.c.objc; name = ABFLocationFetchRequest.m; path = ABFRealmMapView/ABFLocationFetchRequest.m; sourceTree = SOURCE_ROOT; };
		E4C9AB3E1DF0718700BF6715 /* ABFRealmMapView.h */ = {isa = PBXFileReference; fileEncoding = 4; lastKnownFileType = sourcecode.c.h; name = ABFRealmMapView.h; path = ABFRealmMapView/ABFRealmMapView.h; sourceTree = SOURCE_ROOT; };
		E4C9AB3F1DF0718700BF6715 /* ABFRealmMapView.m */ = {isa = PBXFileReference; fileEncoding = 4; lastKnownFileType = sourcecode.c.objc; name = ABFRealmMapView.m; path = ABFRealmMapView/ABFRealmMapView.m; sourceTree = SOURCE_ROOT; };
		E4C9AB441DF071AB00BF6715 /* Info.plist */ = {isa = PBXFileReference; fileEncoding = 4; lastKnownFileType = text.plist.xml; name = Info.plist; path = RealmMapView/Info.plist; sourceTree = "<group>"; };
		E4C9AB451DF071AB00BF6715 /* RealmMapView.h */ = {isa = PBXFileReference; fileEncoding = 4; lastKnownFileType = sourcecode.c.h; name = RealmMapView.h; path = RealmMapView/RealmMapView.h; sourceTree = "<group>"; };
/* End PBXFileReference section */

/* Begin PBXFrameworksBuildPhase section */
		A0A087A11B28E96E007AB6B6 /* Frameworks */ = {
			isa = PBXFrameworksBuildPhase;
			buildActionMask = 2147483647;
			files = (
				E46281EF1DEDCEBE0017D663 /* RealmMapView.framework in Frameworks */,
			);
			runOnlyForDeploymentPostprocessing = 0;
		};
		A0A087BA1B28E96E007AB6B6 /* Frameworks */ = {
			isa = PBXFrameworksBuildPhase;
			buildActionMask = 2147483647;
			files = (
			);
			runOnlyForDeploymentPostprocessing = 0;
		};
		E46281E41DEDCEBE0017D663 /* Frameworks */ = {
			isa = PBXFrameworksBuildPhase;
			buildActionMask = 2147483647;
			files = (
				E4C9AB371DF06EBE00BF6715 /* RBQFetchedResultsController.framework in Frameworks */,
			);
			runOnlyForDeploymentPostprocessing = 0;
		};
/* End PBXFrameworksBuildPhase section */

/* Begin PBXGroup section */
		A0A0879B1B28E96E007AB6B6 = {
			isa = PBXGroup;
			children = (
				E4C9AB341DF06E6E00BF6715 /* Cartfile */,
				A0A087A61B28E96E007AB6B6 /* ABFRealmMapViewExample */,
				A0A087C01B28E96E007AB6B6 /* ABFRealmMapViewExampleTests */,
				E46281E91DEDCEBE0017D663 /* RealmMapView */,
				A0A087A51B28E96E007AB6B6 /* Products */,
				E676B216CA5AADFA5E135EDB /* Frameworks */,
			);
			sourceTree = "<group>";
		};
		A0A087A51B28E96E007AB6B6 /* Products */ = {
			isa = PBXGroup;
			children = (
				A0A087A41B28E96E007AB6B6 /* ABFRealmMapViewExample.app */,
				A0A087BD1B28E96E007AB6B6 /* ABFRealmMapViewExampleTests.xctest */,
				E46281E81DEDCEBE0017D663 /* RealmMapView.framework */,
			);
			name = Products;
			sourceTree = "<group>";
		};
		A0A087A61B28E96E007AB6B6 /* ABFRealmMapViewExample */ = {
			isa = PBXGroup;
			children = (
				A0A087AB1B28E96E007AB6B6 /* AppDelegate.h */,
				A0A087AC1B28E96E007AB6B6 /* AppDelegate.m */,
				A0A087AE1B28E96E007AB6B6 /* ViewController.h */,
				A0A087AF1B28E96E007AB6B6 /* ViewController.m */,
				A0A087B11B28E96E007AB6B6 /* Main.storyboard */,
				A0A087B41B28E96E007AB6B6 /* Images.xcassets */,
				A0A087B61B28E96E007AB6B6 /* LaunchScreen.xib */,
				A0A087A71B28E96E007AB6B6 /* Supporting Files */,
			);
			path = ABFRealmMapViewExample;
			sourceTree = "<group>";
		};
		A0A087A71B28E96E007AB6B6 /* Supporting Files */ = {
			isa = PBXGroup;
			children = (
				A0A087A81B28E96E007AB6B6 /* Info.plist */,
				A0A087A91B28E96E007AB6B6 /* main.m */,
			);
			name = "Supporting Files";
			sourceTree = "<group>";
		};
		A0A087C01B28E96E007AB6B6 /* ABFRealmMapViewExampleTests */ = {
			isa = PBXGroup;
			children = (
				A0A087C31B28E96E007AB6B6 /* ABFRealmMapViewExampleTests.m */,
				A0A087C11B28E96E007AB6B6 /* Supporting Files */,
			);
			path = ABFRealmMapViewExampleTests;
			sourceTree = "<group>";
		};
		A0A087C11B28E96E007AB6B6 /* Supporting Files */ = {
			isa = PBXGroup;
			children = (
				A0A087C21B28E96E007AB6B6 /* Info.plist */,
			);
			name = "Supporting Files";
			sourceTree = "<group>";
		};
		A0A087CD1B28E97D007AB6B6 /* ABFRealmMapView */ = {
			isa = PBXGroup;
			children = (
				E4C9AB381DF0718700BF6715 /* ABFClusterAnnotationView.h */,
				E4C9AB391DF0718700BF6715 /* ABFClusterAnnotationView.m */,
				E4C9AB3A1DF0718700BF6715 /* ABFLocationFetchedResultsController.h */,
				E4C9AB3B1DF0718700BF6715 /* ABFLocationFetchedResultsController.m */,
				E4C9AB3C1DF0718700BF6715 /* ABFLocationFetchRequest.h */,
				E4C9AB3D1DF0718700BF6715 /* ABFLocationFetchRequest.m */,
				E4C9AB3E1DF0718700BF6715 /* ABFRealmMapView.h */,
				E4C9AB3F1DF0718700BF6715 /* ABFRealmMapView.m */,
			);
			name = ABFRealmMapView;
			path = ../../ABFRealmMapView;
			sourceTree = "<group>";
		};
		E46281E91DEDCEBE0017D663 /* RealmMapView */ = {
			isa = PBXGroup;
			children = (
				A0A087CD1B28E97D007AB6B6 /* ABFRealmMapView */,
				E4C9AB441DF071AB00BF6715 /* Info.plist */,
				E4C9AB451DF071AB00BF6715 /* RealmMapView.h */,
			);
			name = RealmMapView;
			sourceTree = "<group>";
		};
		E676B216CA5AADFA5E135EDB /* Frameworks */ = {
			isa = PBXGroup;
			children = (
				E4C9AB361DF06EBE00BF6715 /* RBQFetchedResultsController.framework */,
			);
			name = Frameworks;
			sourceTree = "<group>";
		};
/* End PBXGroup section */

/* Begin PBXHeadersBuildPhase section */
		E46281E51DEDCEBE0017D663 /* Headers */ = {
			isa = PBXHeadersBuildPhase;
			buildActionMask = 2147483647;
			files = (
				E4C9AB4F1DF0732300BF6715 /* RealmMapView.h in Headers */,
				E4C9AB471DF072CD00BF6715 /* ABFClusterAnnotationView.h in Headers */,
				E4C9AB481DF072CF00BF6715 /* ABFLocationFetchedResultsController.h in Headers */,
				E4C9AB4A1DF072D300BF6715 /* ABFRealmMapView.h in Headers */,
				E4C9AB491DF072D100BF6715 /* ABFLocationFetchRequest.h in Headers */,
			);
			runOnlyForDeploymentPostprocessing = 0;
		};
/* End PBXHeadersBuildPhase section */

/* Begin PBXNativeTarget section */
		A0A087A31B28E96E007AB6B6 /* ABFRealmMapViewExample */ = {
			isa = PBXNativeTarget;
			buildConfigurationList = A0A087C71B28E96E007AB6B6 /* Build configuration list for PBXNativeTarget "ABFRealmMapViewExample" */;
			buildPhases = (
				238995B96BB72DA3867D43F7 /* Check Pods Manifest.lock */,
				A0A087A01B28E96E007AB6B6 /* Sources */,
				A0A087A11B28E96E007AB6B6 /* Frameworks */,
				A0A087A21B28E96E007AB6B6 /* Resources */,
				CDA062B19E4DCF8DDD6D1332 /* Copy Pods Resources */,
				025487AEF56A28B87726E666 /* Embed Pods Frameworks */,
				E46281F41DEDCEBE0017D663 /* Embed Frameworks */,
			);
			buildRules = (
			);
			dependencies = (
				E46281EE1DEDCEBE0017D663 /* PBXTargetDependency */,
			);
			name = ABFRealmMapViewExample;
			productName = ABFRealmMapViewExample;
			productReference = A0A087A41B28E96E007AB6B6 /* ABFRealmMapViewExample.app */;
			productType = "com.apple.product-type.application";
		};
		A0A087BC1B28E96E007AB6B6 /* ABFRealmMapViewExampleTests */ = {
			isa = PBXNativeTarget;
			buildConfigurationList = A0A087CA1B28E96E007AB6B6 /* Build configuration list for PBXNativeTarget "ABFRealmMapViewExampleTests" */;
			buildPhases = (
				BFAE2926EE859D8D3392976D /* Check Pods Manifest.lock */,
				A0A087B91B28E96E007AB6B6 /* Sources */,
				A0A087BA1B28E96E007AB6B6 /* Frameworks */,
				A0A087BB1B28E96E007AB6B6 /* Resources */,
				25F75BA923A5FAC2A638F66A /* Copy Pods Resources */,
				6F11255A53BC035B56D06C06 /* Embed Pods Frameworks */,
			);
			buildRules = (
			);
			dependencies = (
				A0A087BF1B28E96E007AB6B6 /* PBXTargetDependency */,
			);
			name = ABFRealmMapViewExampleTests;
			productName = ABFRealmMapViewExampleTests;
			productReference = A0A087BD1B28E96E007AB6B6 /* ABFRealmMapViewExampleTests.xctest */;
			productType = "com.apple.product-type.bundle.unit-test";
		};
		E46281E71DEDCEBE0017D663 /* RealmMapView */ = {
			isa = PBXNativeTarget;
			buildConfigurationList = E46281F31DEDCEBE0017D663 /* Build configuration list for PBXNativeTarget "RealmMapView" */;
			buildPhases = (
				E46281E31DEDCEBE0017D663 /* Sources */,
				E46281E41DEDCEBE0017D663 /* Frameworks */,
				E46281E51DEDCEBE0017D663 /* Headers */,
				E46281E61DEDCEBE0017D663 /* Resources */,
			);
			buildRules = (
			);
			dependencies = (
			);
			name = RealmMapView;
			productName = RealmMapView;
			productReference = E46281E81DEDCEBE0017D663 /* RealmMapView.framework */;
			productType = "com.apple.product-type.framework";
		};
/* End PBXNativeTarget section */

/* Begin PBXProject section */
		A0A0879C1B28E96E007AB6B6 /* Project object */ = {
			isa = PBXProject;
			attributes = {
				LastUpgradeCheck = 0810;
				ORGANIZATIONNAME = "Adam Fish";
				TargetAttributes = {
					A0A087A31B28E96E007AB6B6 = {
						CreatedOnToolsVersion = 6.3.2;
					};
					A0A087BC1B28E96E007AB6B6 = {
						CreatedOnToolsVersion = 6.3.2;
						TestTargetID = A0A087A31B28E96E007AB6B6;
					};
					E46281E71DEDCEBE0017D663 = {
						CreatedOnToolsVersion = 8.1;
						ProvisioningStyle = Automatic;
					};
				};
			};
			buildConfigurationList = A0A0879F1B28E96E007AB6B6 /* Build configuration list for PBXProject "ABFRealmMapViewExample" */;
			compatibilityVersion = "Xcode 3.2";
			developmentRegion = English;
			hasScannedForEncodings = 0;
			knownRegions = (
				en,
				Base,
			);
			mainGroup = A0A0879B1B28E96E007AB6B6;
			productRefGroup = A0A087A51B28E96E007AB6B6 /* Products */;
			projectDirPath = "";
			projectRoot = "";
			targets = (
				A0A087A31B28E96E007AB6B6 /* ABFRealmMapViewExample */,
				A0A087BC1B28E96E007AB6B6 /* ABFRealmMapViewExampleTests */,
				E46281E71DEDCEBE0017D663 /* RealmMapView */,
			);
		};
/* End PBXProject section */

/* Begin PBXResourcesBuildPhase section */
		A0A087A21B28E96E007AB6B6 /* Resources */ = {
			isa = PBXResourcesBuildPhase;
			buildActionMask = 2147483647;
			files = (
				A0A087B31B28E96E007AB6B6 /* Main.storyboard in Resources */,
				A0A087B81B28E96E007AB6B6 /* LaunchScreen.xib in Resources */,
				E4C9AB351DF06E6E00BF6715 /* Cartfile in Resources */,
				E4C9AB461DF071AB00BF6715 /* Info.plist in Resources */,
				A0A087B51B28E96E007AB6B6 /* Images.xcassets in Resources */,
			);
			runOnlyForDeploymentPostprocessing = 0;
		};
		A0A087BB1B28E96E007AB6B6 /* Resources */ = {
			isa = PBXResourcesBuildPhase;
			buildActionMask = 2147483647;
			files = (
			);
			runOnlyForDeploymentPostprocessing = 0;
		};
		E46281E61DEDCEBE0017D663 /* Resources */ = {
			isa = PBXResourcesBuildPhase;
			buildActionMask = 2147483647;
			files = (
			);
			runOnlyForDeploymentPostprocessing = 0;
		};
/* End PBXResourcesBuildPhase section */

/* Begin PBXShellScriptBuildPhase section */
		025487AEF56A28B87726E666 /* Embed Pods Frameworks */ = {
			isa = PBXShellScriptBuildPhase;
			buildActionMask = 2147483647;
			files = (
			);
			inputPaths = (
			);
			name = "Embed Pods Frameworks";
			outputPaths = (
			);
			runOnlyForDeploymentPostprocessing = 0;
			shellPath = /bin/sh;
			shellScript = "\"${SRCROOT}/Pods/Target Support Files/Pods-ABFRealmMapViewExample/Pods-ABFRealmMapViewExample-frameworks.sh\"\n";
			showEnvVarsInLog = 0;
		};
		238995B96BB72DA3867D43F7 /* Check Pods Manifest.lock */ = {
			isa = PBXShellScriptBuildPhase;
			buildActionMask = 2147483647;
			files = (
			);
			inputPaths = (
			);
			name = "Check Pods Manifest.lock";
			outputPaths = (
			);
			runOnlyForDeploymentPostprocessing = 0;
			shellPath = /bin/sh;
			shellScript = "diff \"${PODS_ROOT}/../Podfile.lock\" \"${PODS_ROOT}/Manifest.lock\" > /dev/null\nif [[ $? != 0 ]] ; then\n    cat << EOM\nerror: The sandbox is not in sync with the Podfile.lock. Run 'pod install' or update your CocoaPods installation.\nEOM\n    exit 1\nfi\n";
			showEnvVarsInLog = 0;
		};
		25F75BA923A5FAC2A638F66A /* Copy Pods Resources */ = {
			isa = PBXShellScriptBuildPhase;
			buildActionMask = 2147483647;
			files = (
			);
			inputPaths = (
			);
			name = "Copy Pods Resources";
			outputPaths = (
			);
			runOnlyForDeploymentPostprocessing = 0;
			shellPath = /bin/sh;
			shellScript = "\"${SRCROOT}/Pods/Target Support Files/Pods-ABFRealmMapViewExampleTests/Pods-ABFRealmMapViewExampleTests-resources.sh\"\n";
			showEnvVarsInLog = 0;
		};
		6F11255A53BC035B56D06C06 /* Embed Pods Frameworks */ = {
			isa = PBXShellScriptBuildPhase;
			buildActionMask = 2147483647;
			files = (
			);
			inputPaths = (
			);
			name = "Embed Pods Frameworks";
			outputPaths = (
			);
			runOnlyForDeploymentPostprocessing = 0;
			shellPath = /bin/sh;
			shellScript = "\"${SRCROOT}/Pods/Target Support Files/Pods-ABFRealmMapViewExampleTests/Pods-ABFRealmMapViewExampleTests-frameworks.sh\"\n";
			showEnvVarsInLog = 0;
		};
		BFAE2926EE859D8D3392976D /* Check Pods Manifest.lock */ = {
			isa = PBXShellScriptBuildPhase;
			buildActionMask = 2147483647;
			files = (
			);
			inputPaths = (
			);
			name = "Check Pods Manifest.lock";
			outputPaths = (
			);
			runOnlyForDeploymentPostprocessing = 0;
			shellPath = /bin/sh;
			shellScript = "diff \"${PODS_ROOT}/../Podfile.lock\" \"${PODS_ROOT}/Manifest.lock\" > /dev/null\nif [[ $? != 0 ]] ; then\n    cat << EOM\nerror: The sandbox is not in sync with the Podfile.lock. Run 'pod install' or update your CocoaPods installation.\nEOM\n    exit 1\nfi\n";
			showEnvVarsInLog = 0;
		};
		CDA062B19E4DCF8DDD6D1332 /* Copy Pods Resources */ = {
			isa = PBXShellScriptBuildPhase;
			buildActionMask = 2147483647;
			files = (
			);
			inputPaths = (
			);
			name = "Copy Pods Resources";
			outputPaths = (
			);
			runOnlyForDeploymentPostprocessing = 0;
			shellPath = /bin/sh;
			shellScript = "\"${SRCROOT}/Pods/Target Support Files/Pods-ABFRealmMapViewExample/Pods-ABFRealmMapViewExample-resources.sh\"\n";
			showEnvVarsInLog = 0;
		};
/* End PBXShellScriptBuildPhase section */

/* Begin PBXSourcesBuildPhase section */
		A0A087A01B28E96E007AB6B6 /* Sources */ = {
			isa = PBXSourcesBuildPhase;
			buildActionMask = 2147483647;
			files = (
				A0A087B01B28E96E007AB6B6 /* ViewController.m in Sources */,
				A0A087AD1B28E96E007AB6B6 /* AppDelegate.m in Sources */,
				E4C9AB401DF0718700BF6715 /* ABFClusterAnnotationView.m in Sources */,
				E4C9AB421DF0718700BF6715 /* ABFLocationFetchRequest.m in Sources */,
				A0A087AA1B28E96E007AB6B6 /* main.m in Sources */,
				E4C9AB431DF0718700BF6715 /* ABFRealmMapView.m in Sources */,
				E4C9AB411DF0718700BF6715 /* ABFLocationFetchedResultsController.m in Sources */,
			);
			runOnlyForDeploymentPostprocessing = 0;
		};
		A0A087B91B28E96E007AB6B6 /* Sources */ = {
			isa = PBXSourcesBuildPhase;
			buildActionMask = 2147483647;
			files = (
				A0A087C41B28E96E007AB6B6 /* ABFRealmMapViewExampleTests.m in Sources */,
			);
			runOnlyForDeploymentPostprocessing = 0;
		};
		E46281E31DEDCEBE0017D663 /* Sources */ = {
			isa = PBXSourcesBuildPhase;
			buildActionMask = 2147483647;
			files = (
				E4C9AB4C1DF072E300BF6715 /* ABFLocationFetchedResultsController.m in Sources */,
				E4C9AB4B1DF072E200BF6715 /* ABFClusterAnnotationView.m in Sources */,
				E4C9AB4E1DF072E700BF6715 /* ABFRealmMapView.m in Sources */,
				E4C9AB4D1DF072E500BF6715 /* ABFLocationFetchRequest.m in Sources */,
			);
			runOnlyForDeploymentPostprocessing = 0;
		};
/* End PBXSourcesBuildPhase section */

/* Begin PBXTargetDependency section */
		A0A087BF1B28E96E007AB6B6 /* PBXTargetDependency */ = {
			isa = PBXTargetDependency;
			target = A0A087A31B28E96E007AB6B6 /* ABFRealmMapViewExample */;
			targetProxy = A0A087BE1B28E96E007AB6B6 /* PBXContainerItemProxy */;
		};
		E46281EE1DEDCEBE0017D663 /* PBXTargetDependency */ = {
			isa = PBXTargetDependency;
			target = E46281E71DEDCEBE0017D663 /* RealmMapView */;
			targetProxy = E46281ED1DEDCEBE0017D663 /* PBXContainerItemProxy */;
		};
/* End PBXTargetDependency section */

/* Begin PBXVariantGroup section */
		A0A087B11B28E96E007AB6B6 /* Main.storyboard */ = {
			isa = PBXVariantGroup;
			children = (
				A0A087B21B28E96E007AB6B6 /* Base */,
			);
			name = Main.storyboard;
			sourceTree = "<group>";
		};
		A0A087B61B28E96E007AB6B6 /* LaunchScreen.xib */ = {
			isa = PBXVariantGroup;
			children = (
				A0A087B71B28E96E007AB6B6 /* Base */,
			);
			name = LaunchScreen.xib;
			sourceTree = "<group>";
		};
/* End PBXVariantGroup section */

/* Begin XCBuildConfiguration section */
		A0A087C51B28E96E007AB6B6 /* Debug */ = {
			isa = XCBuildConfiguration;
			buildSettings = {
				ALWAYS_SEARCH_USER_PATHS = NO;
				CLANG_CXX_LANGUAGE_STANDARD = "gnu++0x";
				CLANG_CXX_LIBRARY = "libc++";
				CLANG_ENABLE_MODULES = YES;
				CLANG_ENABLE_OBJC_ARC = YES;
				CLANG_WARN_BOOL_CONVERSION = YES;
				CLANG_WARN_CONSTANT_CONVERSION = YES;
				CLANG_WARN_DIRECT_OBJC_ISA_USAGE = YES_ERROR;
				CLANG_WARN_EMPTY_BODY = YES;
				CLANG_WARN_ENUM_CONVERSION = YES;
				CLANG_WARN_INFINITE_RECURSION = YES;
				CLANG_WARN_INT_CONVERSION = YES;
				CLANG_WARN_OBJC_ROOT_CLASS = YES_ERROR;
				CLANG_WARN_SUSPICIOUS_MOVE = YES;
				CLANG_WARN_UNREACHABLE_CODE = YES;
				CLANG_WARN__DUPLICATE_METHOD_MATCH = YES;
				"CODE_SIGN_IDENTITY[sdk=iphoneos*]" = "iPhone Developer";
				COPY_PHASE_STRIP = NO;
				DEBUG_INFORMATION_FORMAT = "dwarf-with-dsym";
				ENABLE_STRICT_OBJC_MSGSEND = YES;
				ENABLE_TESTABILITY = YES;
				GCC_C_LANGUAGE_STANDARD = gnu99;
				GCC_DYNAMIC_NO_PIC = NO;
				GCC_NO_COMMON_BLOCKS = YES;
				GCC_OPTIMIZATION_LEVEL = 0;
				GCC_PREPROCESSOR_DEFINITIONS = (
					"DEBUG=1",
					"$(inherited)",
				);
				GCC_SYMBOLS_PRIVATE_EXTERN = NO;
				GCC_WARN_64_TO_32_BIT_CONVERSION = YES;
				GCC_WARN_ABOUT_RETURN_TYPE = YES_ERROR;
				GCC_WARN_UNDECLARED_SELECTOR = YES;
				GCC_WARN_UNINITIALIZED_AUTOS = YES_AGGRESSIVE;
				GCC_WARN_UNUSED_FUNCTION = YES;
				GCC_WARN_UNUSED_VARIABLE = YES;
				IPHONEOS_DEPLOYMENT_TARGET = 8.3;
				MTL_ENABLE_DEBUG_INFO = YES;
				ONLY_ACTIVE_ARCH = YES;
				SDKROOT = iphoneos;
				TARGETED_DEVICE_FAMILY = "1,2";
			};
			name = Debug;
		};
		A0A087C61B28E96E007AB6B6 /* Release */ = {
			isa = XCBuildConfiguration;
			buildSettings = {
				ALWAYS_SEARCH_USER_PATHS = NO;
				CLANG_CXX_LANGUAGE_STANDARD = "gnu++0x";
				CLANG_CXX_LIBRARY = "libc++";
				CLANG_ENABLE_MODULES = YES;
				CLANG_ENABLE_OBJC_ARC = YES;
				CLANG_WARN_BOOL_CONVERSION = YES;
				CLANG_WARN_CONSTANT_CONVERSION = YES;
				CLANG_WARN_DIRECT_OBJC_ISA_USAGE = YES_ERROR;
				CLANG_WARN_EMPTY_BODY = YES;
				CLANG_WARN_ENUM_CONVERSION = YES;
				CLANG_WARN_INFINITE_RECURSION = YES;
				CLANG_WARN_INT_CONVERSION = YES;
				CLANG_WARN_OBJC_ROOT_CLASS = YES_ERROR;
				CLANG_WARN_SUSPICIOUS_MOVE = YES;
				CLANG_WARN_UNREACHABLE_CODE = YES;
				CLANG_WARN__DUPLICATE_METHOD_MATCH = YES;
				"CODE_SIGN_IDENTITY[sdk=iphoneos*]" = "iPhone Developer";
				COPY_PHASE_STRIP = NO;
				DEBUG_INFORMATION_FORMAT = "dwarf-with-dsym";
				ENABLE_NS_ASSERTIONS = NO;
				ENABLE_STRICT_OBJC_MSGSEND = YES;
				GCC_C_LANGUAGE_STANDARD = gnu99;
				GCC_NO_COMMON_BLOCKS = YES;
				GCC_WARN_64_TO_32_BIT_CONVERSION = YES;
				GCC_WARN_ABOUT_RETURN_TYPE = YES_ERROR;
				GCC_WARN_UNDECLARED_SELECTOR = YES;
				GCC_WARN_UNINITIALIZED_AUTOS = YES_AGGRESSIVE;
				GCC_WARN_UNUSED_FUNCTION = YES;
				GCC_WARN_UNUSED_VARIABLE = YES;
				IPHONEOS_DEPLOYMENT_TARGET = 8.3;
				MTL_ENABLE_DEBUG_INFO = NO;
				SDKROOT = iphoneos;
				TARGETED_DEVICE_FAMILY = "1,2";
				VALIDATE_PRODUCT = YES;
			};
			name = Release;
		};
		A0A087C81B28E96E007AB6B6 /* Debug */ = {
			isa = XCBuildConfiguration;
			buildSettings = {
				ASSETCATALOG_COMPILER_APPICON_NAME = AppIcon;
				FRAMEWORK_SEARCH_PATHS = (
					"$(inherited)",
					"$(PROJECT_DIR)/Carthage/Build/iOS",
				);
				INFOPLIST_FILE = ABFRealmMapViewExample/Info.plist;
				LD_RUNPATH_SEARCH_PATHS = "$(inherited) @executable_path/Frameworks";
				PRODUCT_BUNDLE_IDENTIFIER = "com.Realm.$(PRODUCT_NAME:rfc1034identifier)";
				PRODUCT_NAME = "$(TARGET_NAME)";
			};
			name = Debug;
		};
		A0A087C91B28E96E007AB6B6 /* Release */ = {
			isa = XCBuildConfiguration;
			buildSettings = {
				ASSETCATALOG_COMPILER_APPICON_NAME = AppIcon;
				FRAMEWORK_SEARCH_PATHS = (
					"$(inherited)",
					"$(PROJECT_DIR)/Carthage/Build/iOS",
				);
				INFOPLIST_FILE = ABFRealmMapViewExample/Info.plist;
				LD_RUNPATH_SEARCH_PATHS = "$(inherited) @executable_path/Frameworks";
				PRODUCT_BUNDLE_IDENTIFIER = "com.Realm.$(PRODUCT_NAME:rfc1034identifier)";
				PRODUCT_NAME = "$(TARGET_NAME)";
			};
			name = Release;
		};
		A0A087CB1B28E96E007AB6B6 /* Debug */ = {
			isa = XCBuildConfiguration;
			buildSettings = {
				BUNDLE_LOADER = "$(TEST_HOST)";
				FRAMEWORK_SEARCH_PATHS = "$(inherited)";
				GCC_PREPROCESSOR_DEFINITIONS = (
					"DEBUG=1",
					"$(inherited)",
				);
				INFOPLIST_FILE = ABFRealmMapViewExampleTests/Info.plist;
				LD_RUNPATH_SEARCH_PATHS = "$(inherited) @executable_path/Frameworks @loader_path/Frameworks";
				PRODUCT_BUNDLE_IDENTIFIER = "com.Realm.$(PRODUCT_NAME:rfc1034identifier)";
				PRODUCT_NAME = "$(TARGET_NAME)";
				TEST_HOST = "$(BUILT_PRODUCTS_DIR)/ABFRealmMapViewExample.app/ABFRealmMapViewExample";
			};
			name = Debug;
		};
		A0A087CC1B28E96E007AB6B6 /* Release */ = {
			isa = XCBuildConfiguration;
			buildSettings = {
				BUNDLE_LOADER = "$(TEST_HOST)";
				FRAMEWORK_SEARCH_PATHS = "$(inherited)";
				INFOPLIST_FILE = ABFRealmMapViewExampleTests/Info.plist;
				LD_RUNPATH_SEARCH_PATHS = "$(inherited) @executable_path/Frameworks @loader_path/Frameworks";
				PRODUCT_BUNDLE_IDENTIFIER = "com.Realm.$(PRODUCT_NAME:rfc1034identifier)";
				PRODUCT_NAME = "$(TARGET_NAME)";
				TEST_HOST = "$(BUILT_PRODUCTS_DIR)/ABFRealmMapViewExample.app/ABFRealmMapViewExample";
			};
			name = Release;
		};
		E46281F11DEDCEBE0017D663 /* Debug */ = {
			isa = XCBuildConfiguration;
			buildSettings = {
				CLANG_ANALYZER_NONNULL = YES;
				CLANG_WARN_DOCUMENTATION_COMMENTS = YES;
				CLANG_WARN_INFINITE_RECURSION = YES;
				CLANG_WARN_SUSPICIOUS_MOVES = YES;
				CODE_SIGN_IDENTITY = "";
				CURRENT_PROJECT_VERSION = 1;
				DEBUG_INFORMATION_FORMAT = dwarf;
				DEFINES_MODULE = YES;
				DYLIB_COMPATIBILITY_VERSION = 1;
				DYLIB_CURRENT_VERSION = 1;
				DYLIB_INSTALL_NAME_BASE = "@rpath";
				FRAMEWORK_SEARCH_PATHS = (
					"$(inherited)",
					"$(PROJECT_DIR)/Carthage/Build/iOS",
				);
				INFOPLIST_FILE = RealmMapView/Info.plist;
				INSTALL_PATH = "$(LOCAL_LIBRARY_DIR)/Frameworks";
				IPHONEOS_DEPLOYMENT_TARGET = 10.1;
				LD_RUNPATH_SEARCH_PATHS = "$(inherited) @executable_path/Frameworks @loader_path/Frameworks";
				PRODUCT_BUNDLE_IDENTIFIER = io.techery.RealmMapView;
				PRODUCT_NAME = "$(TARGET_NAME)";
				SKIP_INSTALL = YES;
				VERSIONING_SYSTEM = "apple-generic";
				VERSION_INFO_PREFIX = "";
			};
			name = Debug;
		};
		E46281F21DEDCEBE0017D663 /* Release */ = {
			isa = XCBuildConfiguration;
			buildSettings = {
				CLANG_ANALYZER_NONNULL = YES;
				CLANG_WARN_DOCUMENTATION_COMMENTS = YES;
				CLANG_WARN_INFINITE_RECURSION = YES;
				CLANG_WARN_SUSPICIOUS_MOVES = YES;
				CODE_SIGN_IDENTITY = "";
				CURRENT_PROJECT_VERSION = 1;
				DEFINES_MODULE = YES;
				DYLIB_COMPATIBILITY_VERSION = 1;
				DYLIB_CURRENT_VERSION = 1;
				DYLIB_INSTALL_NAME_BASE = "@rpath";
				FRAMEWORK_SEARCH_PATHS = (
					"$(inherited)",
					"$(PROJECT_DIR)/Carthage/Build/iOS",
				);
				INFOPLIST_FILE = RealmMapView/Info.plist;
				INSTALL_PATH = "$(LOCAL_LIBRARY_DIR)/Frameworks";
				IPHONEOS_DEPLOYMENT_TARGET = 10.1;
				LD_RUNPATH_SEARCH_PATHS = "$(inherited) @executable_path/Frameworks @loader_path/Frameworks";
				PRODUCT_BUNDLE_IDENTIFIER = io.techery.RealmMapView;
				PRODUCT_NAME = "$(TARGET_NAME)";
				SKIP_INSTALL = YES;
				VERSIONING_SYSTEM = "apple-generic";
				VERSION_INFO_PREFIX = "";
			};
			name = Release;
		};
/* End XCBuildConfiguration section */

/* Begin XCConfigurationList section */
		A0A0879F1B28E96E007AB6B6 /* Build configuration list for PBXProject "ABFRealmMapViewExample" */ = {
			isa = XCConfigurationList;
			buildConfigurations = (
				A0A087C51B28E96E007AB6B6 /* Debug */,
				A0A087C61B28E96E007AB6B6 /* Release */,
			);
			defaultConfigurationIsVisible = 0;
			defaultConfigurationName = Release;
		};
		A0A087C71B28E96E007AB6B6 /* Build configuration list for PBXNativeTarget "ABFRealmMapViewExample" */ = {
			isa = XCConfigurationList;
			buildConfigurations = (
				A0A087C81B28E96E007AB6B6 /* Debug */,
				A0A087C91B28E96E007AB6B6 /* Release */,
			);
			defaultConfigurationIsVisible = 0;
			defaultConfigurationName = Release;
		};
		A0A087CA1B28E96E007AB6B6 /* Build configuration list for PBXNativeTarget "ABFRealmMapViewExampleTests" */ = {
			isa = XCConfigurationList;
			buildConfigurations = (
				A0A087CB1B28E96E007AB6B6 /* Debug */,
				A0A087CC1B28E96E007AB6B6 /* Release */,
			);
			defaultConfigurationIsVisible = 0;
			defaultConfigurationName = Release;
		};
		E46281F31DEDCEBE0017D663 /* Build configuration list for PBXNativeTarget "RealmMapView" */ = {
			isa = XCConfigurationList;
			buildConfigurations = (
				E46281F11DEDCEBE0017D663 /* Debug */,
				E46281F21DEDCEBE0017D663 /* Release */,
			);
			defaultConfigurationIsVisible = 0;
			defaultConfigurationName = Release;
		};
/* End XCConfigurationList section */
	};
	rootObject = A0A0879C1B28E96E007AB6B6 /* Project object */;
}
